
Microsoft Visual Studio Solution File, Format Version 12.00
# Visual Studio 2017
Project("{FAE04EC0-301F-11D3-BF4B-00C04F79EFBC}") = "An Amazing Golfing Adventure.Plugins", "An Amazing Golfing Adventure.Plugins.csproj", "{A2BAD40D-4EAD-9F5C-6159-791F8D00326D}"
EndProject
Project("{FAE04EC0-301F-11D3-BF4B-00C04F79EFBC}") = "An Amazing Golfing Adventure", "An Amazing Golfing Adventure.csproj", "{3AFFDE6D-50E2-3952-1029-7DCB9E808C0D}"
EndProject
Project("{FAE04EC0-301F-11D3-BF4B-00C04F79EFBC}") = "An Amazing Golfing Adventure.Editor", "An Amazing Golfing Adventure.Editor.csproj", "{EB3C60D6-FAEB-9E4C-E538-6C58F0A4F635}"
EndProject
Global
	GlobalSection(SolutionConfigurationPlatforms) = preSolution
		Debug|Any CPU = Debug|Any CPU
		Release|Any CPU = Release|Any CPU
	EndGlobalSection
	GlobalSection(ProjectConfigurationPlatforms) = postSolution
		{A2BAD40D-4EAD-9F5C-6159-791F8D00326D}.Debug|Any CPU.ActiveCfg = Debug|Any CPU
		{A2BAD40D-4EAD-9F5C-6159-791F8D00326D}.Debug|Any CPU.Build.0 = Debug|Any CPU
		{A2BAD40D-4EAD-9F5C-6159-791F8D00326D}.Release|Any CPU.ActiveCfg = Release|Any CPU
		{A2BAD40D-4EAD-9F5C-6159-791F8D00326D}.Release|Any CPU.Build.0 = Release|Any CPU
		{3AFFDE6D-50E2-3952-1029-7DCB9E808C0D}.Debug|Any CPU.ActiveCfg = Debug|Any CPU
		{3AFFDE6D-50E2-3952-1029-7DCB9E808C0D}.Debug|Any CPU.Build.0 = Debug|Any CPU
		{3AFFDE6D-50E2-3952-1029-7DCB9E808C0D}.Release|Any CPU.ActiveCfg = Release|Any CPU
		{3AFFDE6D-50E2-3952-1029-7DCB9E808C0D}.Release|Any CPU.Build.0 = Release|Any CPU
		{EB3C60D6-FAEB-9E4C-E538-6C58F0A4F635}.Debug|Any CPU.ActiveCfg = Debug|Any CPU
		{EB3C60D6-FAEB-9E4C-E538-6C58F0A4F635}.Debug|Any CPU.Build.0 = Debug|Any CPU
		{EB3C60D6-FAEB-9E4C-E538-6C58F0A4F635}.Release|Any CPU.ActiveCfg = Release|Any CPU
		{EB3C60D6-FAEB-9E4C-E538-6C58F0A4F635}.Release|Any CPU.Build.0 = Release|Any CPU
	EndGlobalSection
	GlobalSection(SolutionProperties) = preSolution
		HideSolutionNode = FALSE
	EndGlobalSection
EndGlobal
